
Microsoft Visual Studio Solution File, Format Version 12.00
# Visual Studio Version 17
VisualStudioVersion = 17.4.33213.308
MinimumVisualStudioVersion = 10.0.40219.1
Project("{FAE04EC0-301F-11D3-BF4B-00C04F79EFBC}") = "QLyBanHang", "QLyBanHang\QLyBanHang.csproj", "{F606D3CF-FAE2-44C1-8CDA-5533EE0F019A}"
EndProject
Global
	GlobalSection(SolutionConfigurationPlatforms) = preSolution
		Debug|Any CPU = Debug|Any CPU
		Release|Any CPU = Release|Any CPU
	EndGlobalSection
	GlobalSection(ProjectConfigurationPlatforms) = postSolution
		{F606D3CF-FAE2-44C1-8CDA-5533EE0F019A}.Debug|Any CPU.ActiveCfg = Debug|Any CPU
		{F606D3CF-FAE2-44C1-8CDA-5533EE0F019A}.Debug|Any CPU.Build.0 = Debug|Any CPU
		{F606D3CF-FAE2-44C1-8CDA-5533EE0F019A}.Release|Any CPU.ActiveCfg = Release|Any CPU
		{F606D3CF-FAE2-44C1-8CDA-5533EE0F019A}.Release|Any CPU.Build.0 = Release|Any CPU
	EndGlobalSection
	GlobalSection(SolutionProperties) = preSolution
		HideSolutionNode = FALSE
	EndGlobalSection
	GlobalSection(ExtensibilityGlobals) = postSolution
		SolutionGuid = {C8BDF834-390A-402E-84E2-B1DBBB257AB2}
	EndGlobalSection
EndGlobal
